PODS:
  - AFNetworking (2.1.0):
    - AFNetworking/NSURLConnection
    - AFNetworking/NSURLSession
    - AFNetworking/Reachability
    - AFNetworking/Security
    - AFNetworking/Serialization
    - AFNetworking/UIKit
  - AFNetworking/NSURLConnection (2.1.0):
    - AFNetworking/Reachability
    - AFNetworking/Security
    - AFNetworking/Serialization
  - AFNetworking/NSURLSession (2.1.0):
    - AFNetworking/NSURLConnection
  - AFNetworking/Reachability (2.1.0)
  - AFNetworking/Security (2.1.0)
  - AFNetworking/Serialization (2.1.0)
  - AFNetworking/UIKit (2.1.0):
    - AFNetworking/NSURLConnection
  - CocoaLumberjack (1.6.2)
  - CSURITemplate (0.3)
  - FSClassExtensions/SenTesting (1.6.0)
  - OCHamcrest (3.0.1)

DEPENDENCIES:
  - AFNetworking (~> 2.0)
  - CocoaLumberjack
  - CSURITemplate
  - FSClassExtensions/SenTesting
  - OCHamcrest

SPEC CHECKSUMS:
  AFNetworking: c7d7901a83f631414c7eda1737261f696101a5cd
  CocoaLumberjack: 19dceba2d0360ed383cba983bc3ef0dd089c42a1
  CSURITemplate: a2ab0f383c600646468de33b65f58f901388d8d4
  FSClassExtensions: ab8f0d67f3a2d47cfcfba02b338895136f41d9c3
  OCHamcrest: 782c52ae8c673e5d6060a65005cfd26d20d519ba

COCOAPODS: 0.29.0
